
Microsoft Visual Studio Solution File, Format Version 12.00
# Visual Studio Version 17
VisualStudioVersion = 17.8.34322.80
MinimumVisualStudioVersion = 10.0.40219.1
Project("{FAE04EC0-301F-11D3-BF4B-00C04F79EFBC}") = "purr", "purr\purr.csproj", "{019EAE96-C2B2-4BD5-BC14-F8BC98DA0269}"
EndProject
Global
	GlobalSection(SolutionConfigurationPlatforms) = preSolution
		Debug|Any CPU = Debug|Any CPU
		Release|Any CPU = Release|Any CPU
	EndGlobalSection
	GlobalSection(ProjectConfigurationPlatforms) = postSolution
		{019EAE96-C2B2-4BD5-BC14-F8BC98DA0269}.Debug|Any CPU.ActiveCfg = Debug|Any CPU
		{019EAE96-C2B2-4BD5-BC14-F8BC98DA0269}.Debug|Any CPU.Build.0 = Debug|Any CPU
		{019EAE96-C2B2-4BD5-BC14-F8BC98DA0269}.Release|Any CPU.ActiveCfg = Release|Any CPU
		{019EAE96-C2B2-4BD5-BC14-F8BC98DA0269}.Release|Any CPU.Build.0 = Release|Any CPU
	EndGlobalSection
	GlobalSection(SolutionProperties) = preSolution
		HideSolutionNode = FALSE
	EndGlobalSection
	GlobalSection(ExtensibilityGlobals) = postSolution
		SolutionGuid = {6392990C-6476-4116-AA20-5C3105152FE9}
	EndGlobalSection
EndGlobal
